
Microsoft Visual Studio Solution File, Format Version 12.00
# Visual Studio Version 16
VisualStudioVersion = 16.0.28922.388
MinimumVisualStudioVersion = 10.0.40219.1
Project("{FAE04EC0-301F-11D3-BF4B-00C04F79EFBC}") = "SA_CarSales", "SA_CarSales\SA_CarSales.csproj", "{17365243-64DA-4B07-9D16-29391229D4A8}"
EndProject
Project("{FAE04EC0-301F-11D3-BF4B-00C04F79EFBC}") = "CarSales.Tests", "CarSales.Tests\CarSales.Tests.csproj", "{3806C185-8EDE-4D94-A85E-E3B46892749B}"
EndProject
Global
	GlobalSection(SolutionConfigurationPlatforms) = preSolution
		Debug|Any CPU = Debug|Any CPU
		Release|Any CPU = Release|Any CPU
	EndGlobalSection
	GlobalSection(ProjectConfigurationPlatforms) = postSolution
		{17365243-64DA-4B07-9D16-29391229D4A8}.Debug|Any CPU.ActiveCfg = Debug|Any CPU
		{17365243-64DA-4B07-9D16-29391229D4A8}.Debug|Any CPU.Build.0 = Debug|Any CPU
		{17365243-64DA-4B07-9D16-29391229D4A8}.Release|Any CPU.ActiveCfg = Release|Any CPU
		{17365243-64DA-4B07-9D16-29391229D4A8}.Release|Any CPU.Build.0 = Release|Any CPU
		{3806C185-8EDE-4D94-A85E-E3B46892749B}.Debug|Any CPU.ActiveCfg = Debug|Any CPU
		{3806C185-8EDE-4D94-A85E-E3B46892749B}.Debug|Any CPU.Build.0 = Debug|Any CPU
		{3806C185-8EDE-4D94-A85E-E3B46892749B}.Release|Any CPU.ActiveCfg = Release|Any CPU
		{3806C185-8EDE-4D94-A85E-E3B46892749B}.Release|Any CPU.Build.0 = Release|Any CPU
	EndGlobalSection
	GlobalSection(SolutionProperties) = preSolution
		HideSolutionNode = FALSE
	EndGlobalSection
	GlobalSection(ExtensibilityGlobals) = postSolution
		SolutionGuid = {DB5EA461-E310-4C71-A34C-B1798CD55D9C}
	EndGlobalSection
EndGlobal
